
Microsoft Visual Studio Solution File, Format Version 12.00
# Visual Studio 2013
VisualStudioVersion = 12.0.40629.0
MinimumVisualStudioVersion = 10.0.40219.1
Project("{FAE04EC0-301F-11D3-BF4B-00C04F79EFBC}") = "GameStore", "GameStore\GameStore.csproj", "{06F67852-2F24-4B5C-B994-BD8F111DA635}"
EndProject
Project("{FAE04EC0-301F-11D3-BF4B-00C04F79EFBC}") = "GameStore.Entities", "GameStore.Entities\GameStore.Entities.csproj", "{481EF19F-6DD6-4029-8457-ADCEE7FAB7D3}"
EndProject
Global
	GlobalSection(SolutionConfigurationPlatforms) = preSolution
		Debug|Any CPU = Debug|Any CPU
		Release|Any CPU = Release|Any CPU
	EndGlobalSection
	GlobalSection(ProjectConfigurationPlatforms) = postSolution
		{06F67852-2F24-4B5C-B994-BD8F111DA635}.Debug|Any CPU.ActiveCfg = Debug|Any CPU
		{06F67852-2F24-4B5C-B994-BD8F111DA635}.Debug|Any CPU.Build.0 = Debug|Any CPU
		{06F67852-2F24-4B5C-B994-BD8F111DA635}.Release|Any CPU.ActiveCfg = Release|Any CPU
		{06F67852-2F24-4B5C-B994-BD8F111DA635}.Release|Any CPU.Build.0 = Release|Any CPU
		{481EF19F-6DD6-4029-8457-ADCEE7FAB7D3}.Debug|Any CPU.ActiveCfg = Debug|Any CPU
		{481EF19F-6DD6-4029-8457-ADCEE7FAB7D3}.Debug|Any CPU.Build.0 = Debug|Any CPU
		{481EF19F-6DD6-4029-8457-ADCEE7FAB7D3}.Release|Any CPU.ActiveCfg = Release|Any CPU
		{481EF19F-6DD6-4029-8457-ADCEE7FAB7D3}.Release|Any CPU.Build.0 = Release|Any CPU
	EndGlobalSection
	GlobalSection(SolutionProperties) = preSolution
		HideSolutionNode = FALSE
	EndGlobalSection
EndGlobal
